PODS:
  - SimpleTab (0.2.1)
  - XLPagerTabStrip (7.0.0)

DEPENDENCIES:
  - SimpleTab
  - XLPagerTabStrip

SPEC CHECKSUMS:
  SimpleTab: d24e026736c30951ce60d194268042a6afedaf4c
  XLPagerTabStrip: 9be80a66c6b7d60306b2c0a6004965016d68f813

PODFILE CHECKSUM: 7b1b425cc7765db84622a5ba87894ca80488f117

COCOAPODS: 1.2.1
